
Microsoft Visual Studio Solution File, Format Version 12.00
# Visual Studio Version 17
VisualStudioVersion = 17.14.36429.23 d17.14
MinimumVisualStudioVersion = 10.0.40219.1
Project("{FAE04EC0-301F-11D3-BF4B-00C04F79EFBC}") = "Clinic1", "Clinic1\Clinic1.csproj", "{E21D6F30-CC47-4581-8997-00F459FE0DDF}"
EndProject
Global
	GlobalSection(SolutionConfigurationPlatforms) = preSolution
		Debug|Any CPU = Debug|Any CPU
		Release|Any CPU = Release|Any CPU
	EndGlobalSection
	GlobalSection(ProjectConfigurationPlatforms) = postSolution
		{E21D6F30-CC47-4581-8997-00F459FE0DDF}.Debug|Any CPU.ActiveCfg = Debug|Any CPU
		{E21D6F30-CC47-4581-8997-00F459FE0DDF}.Debug|Any CPU.Build.0 = Debug|Any CPU
		{E21D6F30-CC47-4581-8997-00F459FE0DDF}.Release|Any CPU.ActiveCfg = Release|Any CPU
		{E21D6F30-CC47-4581-8997-00F459FE0DDF}.Release|Any CPU.Build.0 = Release|Any CPU
	EndGlobalSection
	GlobalSection(SolutionProperties) = preSolution
		HideSolutionNode = FALSE
	EndGlobalSection
	GlobalSection(ExtensibilityGlobals) = postSolution
		SolutionGuid = {972E9ECC-551B-4CDA-BE58-5AB247112B37}
	EndGlobalSection
EndGlobal
